
Microsoft Visual Studio Solution File, Format Version 12.00
# Visual Studio Version 17
VisualStudioVersion = 17.4.33213.308
MinimumVisualStudioVersion = 10.0.40219.1
Project("{FAE04EC0-301F-11D3-BF4B-00C04F79EFBC}") = "C34VariablesExercise", "C34VariablesExercise\C34VariablesExercise.csproj", "{9FD51D44-4E0B-4662-B7A3-5CBB8D6BD7F5}"
EndProject
Global
	GlobalSection(SolutionConfigurationPlatforms) = preSolution
		Debug|Any CPU = Debug|Any CPU
		Release|Any CPU = Release|Any CPU
	EndGlobalSection
	GlobalSection(ProjectConfigurationPlatforms) = postSolution
		{9FD51D44-4E0B-4662-B7A3-5CBB8D6BD7F5}.Debug|Any CPU.ActiveCfg = Debug|Any CPU
		{9FD51D44-4E0B-4662-B7A3-5CBB8D6BD7F5}.Debug|Any CPU.Build.0 = Debug|Any CPU
		{9FD51D44-4E0B-4662-B7A3-5CBB8D6BD7F5}.Release|Any CPU.ActiveCfg = Release|Any CPU
		{9FD51D44-4E0B-4662-B7A3-5CBB8D6BD7F5}.Release|Any CPU.Build.0 = Release|Any CPU
	EndGlobalSection
	GlobalSection(SolutionProperties) = preSolution
		HideSolutionNode = FALSE
	EndGlobalSection
	GlobalSection(ExtensibilityGlobals) = postSolution
		SolutionGuid = {8CA44E1F-CAAE-4944-AEA5-13570FA4A711}
	EndGlobalSection
EndGlobal
